
Microsoft Visual Studio Solution File, Format Version 12.00
# Visual Studio Version 17
VisualStudioVersion = 17.14.36221.1
MinimumVisualStudioVersion = 10.0.40219.1
Project("{FAE04EC0-301F-11D3-BF4B-00C04F79EFBC}") = "CitizenHackathon2025V3.Blazor.Client", "CitizenHackathon2025V3.Blazor\Client\CitizenHackathon2025V3.Blazor.Client.csproj", "{314C31E4-9775-49A9-A434-AC9C4104B63B}"
EndProject
Project("{2150E333-8FDC-42A3-9474-1A3956D46DE8}") = "Elements de solution", "Elements de solution", "{02EA681E-C7D8-13C7-8484-4AC65E1B71E8}"
	ProjectSection(SolutionItems) = preProject
		Deploiement.txt = Deploiement.txt
		READme.md = READme.md
	EndProjectSection
EndProject
Global
	GlobalSection(SolutionConfigurationPlatforms) = preSolution
		Debug|Any CPU = Debug|Any CPU
		Release|Any CPU = Release|Any CPU
	EndGlobalSection
	GlobalSection(ProjectConfigurationPlatforms) = postSolution
		{314C31E4-9775-49A9-A434-AC9C4104B63B}.Debug|Any CPU.ActiveCfg = Debug|Any CPU
		{314C31E4-9775-49A9-A434-AC9C4104B63B}.Debug|Any CPU.Build.0 = Debug|Any CPU
		{314C31E4-9775-49A9-A434-AC9C4104B63B}.Release|Any CPU.ActiveCfg = Release|Any CPU
		{314C31E4-9775-49A9-A434-AC9C4104B63B}.Release|Any CPU.Build.0 = Release|Any CPU
	EndGlobalSection
	GlobalSection(SolutionProperties) = preSolution
		HideSolutionNode = FALSE
	EndGlobalSection
	GlobalSection(ExtensibilityGlobals) = postSolution
		SolutionGuid = {70575FDB-CD84-4F41-849D-E92DCD5616B0}
	EndGlobalSection
EndGlobal
